{
  "name": "ci",
  "lockfileVersion": 3,
  "requires": true,
  "packages": {
    "": {
      "dependencies": {
        "dts-linter": "^0.3.10-beta2"
      }
    },
    "node_modules/devicetree-language-server": {
      "version": "0.8.0-beta1",
      "resolved": "https://registry.npmjs.org/devicetree-language-server/-/devicetree-language-server-0.8.0-beta1.tgz",
      "integrity": "sha512-6b+4+kPDcnVh5WskKTTNeHITOefK+gUyeakKofKBcsdFuhDAIFGsLODrPykLlKPJWAOZ17SgeBvApmT/2JhwDQ==",
      "license": "Apache-2.0",
      "bin": {
        "devicetree-language-server": "dist/server.js"
      },
      "engines": {
        "node": ">=16"
      }
    },
    "node_modules/dts-linter": {
      "version": "0.3.10-beta2",
      "resolved": "https://registry.npmjs.org/dts-linter/-/dts-linter-0.3.10-beta2.tgz",
      "integrity": "sha512-fWpTSD7B+3YEs8IPH63Y9CFTphLVtLAHS37I/J/pCwDMuCmkOC4FGGjUIHuWcM4cP+zr/NkFaDZXbDXiVa1tJA==",
      "license": "Apache-2.0",
      "dependencies": {
        "devicetree-language-server": "^0.8.0-beta1"
      },
      "bin": {
        "dts-linter": "dist/dts-linter.js"
      }
    }
  }
}
