{
  "name": "zephyr",
  "lockfileVersion": 3,
  "requires": true,
  "packages": {
    "": {
      "dependencies": {
        "dts-linter": "^0.3.4"
      }
    },
    "node_modules/devicetree-language-server": {
      "version": "0.6.6",
      "resolved": "https://registry.npmjs.org/devicetree-language-server/-/devicetree-language-server-0.6.6.tgz",
      "integrity": "sha512-pVZGXS4XVPIqRBQuvnDbcGib8Jt4i3rbEU+XSa1hxdscEbuGlr/On54SF3VDXnU03dl/Rirc0JOwYK2zWaMrBg==",
      "license": "Apache-2.0",
      "bin": {
        "devicetree-language-server": "dist/server.js"
      },
      "engines": {
        "node": ">=16"
      }
    },
    "node_modules/dts-linter": {
      "version": "0.3.4",
      "resolved": "https://registry.npmjs.org/dts-linter/-/dts-linter-0.3.4.tgz",
      "integrity": "sha512-0HYY5kHhToF2cLnxz7mszz82GSWFQeMP4Cx/ziQN9CwIWCtDV77vR7/KVxlqizRHamczPYZd+2vcMVPyq+ePNg==",
      "license": "Apache-2.0",
      "dependencies": {
        "devicetree-language-server": "0.6.6"
      },
      "bin": {
        "dts-linter": "dist/dts-linter.js"
      }
    }
  }
}
