{
  "name": "ci",
  "lockfileVersion": 3,
  "requires": true,
  "packages": {
    "": {
      "dependencies": {
        "dts-linter": "^0.5.0"
      }
    },
    "node_modules/devicetree-language-server": {
      "version": "0.8.7",
      "resolved": "https://registry.npmjs.org/devicetree-language-server/-/devicetree-language-server-0.8.7.tgz",
      "integrity": "sha512-pxBWC1HaKG4brHyXNRng+G9/3meZfz1o9vMm6YOZ8MajrgJVBryBx9ZQoo7c0Vhf7l7PVIm7TsH3SlHuipxE2g==",
      "license": "Apache-2.0",
      "bin": {
        "devicetree-language-server": "dist/server.js"
      },
      "engines": {
        "node": ">=16"
      }
    },
    "node_modules/dts-linter": {
      "version": "0.5.0",
      "resolved": "https://registry.npmjs.org/dts-linter/-/dts-linter-0.5.0.tgz",
      "integrity": "sha512-nDsyLp41NSeeebHluB9v8YS8D4DHSbVEsqSHIS4qQOS6T3g1x8q+KKX2y3EgpKKJkHHqa0hEi0YOF6F3OOwLQg==",
      "license": "Apache-2.0",
      "dependencies": {
        "devicetree-language-server": "^0.8.6"
      },
      "bin": {
        "dts-linter": "dist/dts-linter.js"
      }
    }
  }
}
